
Microsoft Visual Studio Solution File, Format Version 12.00
# Visual Studio 15
Project("{FAE04EC0-301F-11D3-BF4B-00C04F79EFBC}") = "DevOps", "DevOps\DevOps.csproj", "{1BF7C47F-21A9-4979-A4B0-2DACE28F35E4}"
EndProject
Global
	GlobalSection(SolutionConfigurationPlatforms) = preSolution
		Debug|iPhoneSimulator = Debug|iPhoneSimulator
		Release|iPhone = Release|iPhone
		Release|iPhoneSimulator = Release|iPhoneSimulator
		Debug|iPhone = Debug|iPhone
	EndGlobalSection
	GlobalSection(ProjectConfigurationPlatforms) = postSolution
		{1BF7C47F-21A9-4979-A4B0-2DACE28F35E4}.Debug|iPhoneSimulator.ActiveCfg = Debug|iPhoneSimulator
		{1BF7C47F-21A9-4979-A4B0-2DACE28F35E4}.Debug|iPhoneSimulator.Build.0 = Debug|iPhoneSimulator
		{1BF7C47F-21A9-4979-A4B0-2DACE28F35E4}.Release|iPhone.ActiveCfg = Release|iPhone
		{1BF7C47F-21A9-4979-A4B0-2DACE28F35E4}.Release|iPhone.Build.0 = Release|iPhone
		{1BF7C47F-21A9-4979-A4B0-2DACE28F35E4}.Release|iPhoneSimulator.ActiveCfg = Release|iPhoneSimulator
		{1BF7C47F-21A9-4979-A4B0-2DACE28F35E4}.Release|iPhoneSimulator.Build.0 = Release|iPhoneSimulator
		{1BF7C47F-21A9-4979-A4B0-2DACE28F35E4}.Debug|iPhone.ActiveCfg = Debug|iPhone
		{1BF7C47F-21A9-4979-A4B0-2DACE28F35E4}.Debug|iPhone.Build.0 = Debug|iPhone
	EndGlobalSection
EndGlobal
